
Microsoft Visual Studio Solution File, Format Version 12.00
# Visual Studio 2012
Project("{FAE04EC0-301F-11D3-BF4B-00C04F79EFBC}") = "Skycap", "Skycap\Skycap.csproj", "{A0D103EE-63B1-4E04-8993-7AC74113B063}"
EndProject
Project("{FAE04EC0-301F-11D3-BF4B-00C04F79EFBC}") = "Skycap.Core", "Skycap.Core\Skycap.Core.csproj", "{27228B9D-3EEE-40EE-9FC3-76ED18AE260B}"
EndProject
Project("{8BC9CEB8-8B4A-11D0-8D11-00A0C91BC942}") = "Skycap.FontEnumeration", "Skycap.FontEnumeration\FontEnumeration.vcxproj", "{37F57F9E-390E-4127-AD5B-CDAB45DD3FC1}"
EndProject
Project("{FAE04EC0-301F-11D3-BF4B-00C04F79EFBC}") = "Skycap.Text.Converters", "Skycap.Text.Converters\Skycap.Text.Converters.csproj", "{9A942AF0-A50A-4E19-AE54-E69E9C0339C2}"
EndProject
Project("{FAE04EC0-301F-11D3-BF4B-00C04F79EFBC}") = "Callisto", "Callisto\Callisto.csproj", "{42E8BE6B-9A3C-4236-A0C7-8A8DBD757021}"
EndProject
Project("{FAE04EC0-301F-11D3-BF4B-00C04F79EFBC}") = "Skycap.Notifications", "Skycap.Notifications\Skycap.Notifications.csproj", "{6E87464B-B064-40CA-8161-7C18C337ADFF}"
EndProject
Project("{FAE04EC0-301F-11D3-BF4B-00C04F79EFBC}") = "Skycap.Tasks", "Skycap.Tasks\Skycap.Tasks.csproj", "{87358BD0-FD4E-42DC-B6B8-2A73C262F72E}"
EndProject
Global
	GlobalSection(TeamFoundationVersionControl) = preSolution
		SccNumberOfProjects = 8
		SccEnterpriseProvider = {4CA58AB2-18FA-4F8D-95D4-32DDF27D184C}
		SccTeamFoundationServer = https://codelogicsa.visualstudio.com/defaultcollection
		SccLocalPath0 = .
		SccProjectUniqueName1 = Callisto\\Callisto.csproj
		SccProjectName1 = Callisto
		SccLocalPath1 = Callisto
		SccProjectUniqueName2 = Skycap.Core\\Skycap.Core.csproj
		SccProjectName2 = Skycap.Core
		SccLocalPath2 = Skycap.Core
		SccProjectUniqueName3 = Skycap.FontEnumeration\\FontEnumeration.vcxproj
		SccProjectName3 = Skycap.FontEnumeration
		SccLocalPath3 = Skycap.FontEnumeration
		SccProjectUniqueName4 = Skycap.Notifications\\Skycap.Notifications.csproj
		SccProjectName4 = Skycap.Notifications
		SccLocalPath4 = Skycap.Notifications
		SccProjectUniqueName5 = Skycap.Tasks\\Skycap.Tasks.csproj
		SccProjectName5 = Skycap.Tasks
		SccLocalPath5 = Skycap.Tasks
		SccProjectUniqueName6 = Skycap.Text.Converters\\Skycap.Text.Converters.csproj
		SccProjectName6 = Skycap.Text.Converters
		SccLocalPath6 = Skycap.Text.Converters
		SccProjectUniqueName7 = Skycap\\Skycap.csproj
		SccProjectName7 = Skycap
		SccLocalPath7 = Skycap
	EndGlobalSection
	GlobalSection(SolutionConfigurationPlatforms) = preSolution
		Debug|Any CPU = Debug|Any CPU
		Debug|ARM = Debug|ARM
		Debug|Mixed Platforms = Debug|Mixed Platforms
		Debug|Win32 = Debug|Win32
		Debug|x64 = Debug|x64
		Debug|x86 = Debug|x86
		Release|Any CPU = Release|Any CPU
		Release|ARM = Release|ARM
		Release|Mixed Platforms = Release|Mixed Platforms
		Release|Win32 = Release|Win32
		Release|x64 = Release|x64
		Release|x86 = Release|x86
	EndGlobalSection
	GlobalSection(ProjectConfigurationPlatforms) = postSolution
		{A0D103EE-63B1-4E04-8993-7AC74113B063}.Debug|Any CPU.ActiveCfg = Debug|Any CPU
		{A0D103EE-63B1-4E04-8993-7AC74113B063}.Debug|Any CPU.Build.0 = Debug|Any CPU
		{A0D103EE-63B1-4E04-8993-7AC74113B063}.Debug|Any CPU.Deploy.0 = Debug|Any CPU
		{A0D103EE-63B1-4E04-8993-7AC74113B063}.Debug|ARM.ActiveCfg = Debug|ARM
		{A0D103EE-63B1-4E04-8993-7AC74113B063}.Debug|ARM.Build.0 = Debug|ARM
		{A0D103EE-63B1-4E04-8993-7AC74113B063}.Debug|ARM.Deploy.0 = Debug|ARM
		{A0D103EE-63B1-4E04-8993-7AC74113B063}.Debug|Mixed Platforms.ActiveCfg = Debug|Any CPU
		{A0D103EE-63B1-4E04-8993-7AC74113B063}.Debug|Mixed Platforms.Build.0 = Debug|Any CPU
		{A0D103EE-63B1-4E04-8993-7AC74113B063}.Debug|Mixed Platforms.Deploy.0 = Debug|Any CPU
		{A0D103EE-63B1-4E04-8993-7AC74113B063}.Debug|Win32.ActiveCfg = Debug|x86
		{A0D103EE-63B1-4E04-8993-7AC74113B063}.Debug|Win32.Build.0 = Debug|x86
		{A0D103EE-63B1-4E04-8993-7AC74113B063}.Debug|Win32.Deploy.0 = Debug|x86
		{A0D103EE-63B1-4E04-8993-7AC74113B063}.Debug|x64.ActiveCfg = Debug|x64
		{A0D103EE-63B1-4E04-8993-7AC74113B063}.Debug|x64.Build.0 = Debug|x64
		{A0D103EE-63B1-4E04-8993-7AC74113B063}.Debug|x64.Deploy.0 = Debug|x64
		{A0D103EE-63B1-4E04-8993-7AC74113B063}.Debug|x86.ActiveCfg = Debug|x86
		{A0D103EE-63B1-4E04-8993-7AC74113B063}.Debug|x86.Build.0 = Debug|x86
		{A0D103EE-63B1-4E04-8993-7AC74113B063}.Debug|x86.Deploy.0 = Debug|x86
		{A0D103EE-63B1-4E04-8993-7AC74113B063}.Release|Any CPU.ActiveCfg = Release|Any CPU
		{A0D103EE-63B1-4E04-8993-7AC74113B063}.Release|Any CPU.Build.0 = Release|Any CPU
		{A0D103EE-63B1-4E04-8993-7AC74113B063}.Release|Any CPU.Deploy.0 = Release|Any CPU
		{A0D103EE-63B1-4E04-8993-7AC74113B063}.Release|ARM.ActiveCfg = Release|ARM
		{A0D103EE-63B1-4E04-8993-7AC74113B063}.Release|ARM.Build.0 = Release|ARM
		{A0D103EE-63B1-4E04-8993-7AC74113B063}.Release|ARM.Deploy.0 = Release|ARM
		{A0D103EE-63B1-4E04-8993-7AC74113B063}.Release|Mixed Platforms.ActiveCfg = Release|ARM
		{A0D103EE-63B1-4E04-8993-7AC74113B063}.Release|Mixed Platforms.Build.0 = Release|ARM
		{A0D103EE-63B1-4E04-8993-7AC74113B063}.Release|Mixed Platforms.Deploy.0 = Release|ARM
		{A0D103EE-63B1-4E04-8993-7AC74113B063}.Release|Win32.ActiveCfg = Release|x86
		{A0D103EE-63B1-4E04-8993-7AC74113B063}.Release|Win32.Build.0 = Release|x86
		{A0D103EE-63B1-4E04-8993-7AC74113B063}.Release|Win32.Deploy.0 = Release|x86
		{A0D103EE-63B1-4E04-8993-7AC74113B063}.Release|x64.ActiveCfg = Release|x64
		{A0D103EE-63B1-4E04-8993-7AC74113B063}.Release|x64.Build.0 = Release|x64
		{A0D103EE-63B1-4E04-8993-7AC74113B063}.Release|x64.Deploy.0 = Release|x64
		{A0D103EE-63B1-4E04-8993-7AC74113B063}.Release|x86.ActiveCfg = Release|x86
		{A0D103EE-63B1-4E04-8993-7AC74113B063}.Release|x86.Build.0 = Release|x86
		{A0D103EE-63B1-4E04-8993-7AC74113B063}.Release|x86.Deploy.0 = Release|x86
		{27228B9D-3EEE-40EE-9FC3-76ED18AE260B}.Debug|Any CPU.ActiveCfg = Debug|Any CPU
		{27228B9D-3EEE-40EE-9FC3-76ED18AE260B}.Debug|Any CPU.Build.0 = Debug|Any CPU
		{27228B9D-3EEE-40EE-9FC3-76ED18AE260B}.Debug|ARM.ActiveCfg = Debug|ARM
		{27228B9D-3EEE-40EE-9FC3-76ED18AE260B}.Debug|ARM.Build.0 = Debug|ARM
		{27228B9D-3EEE-40EE-9FC3-76ED18AE260B}.Debug|Mixed Platforms.ActiveCfg = Debug|Any CPU
		{27228B9D-3EEE-40EE-9FC3-76ED18AE260B}.Debug|Mixed Platforms.Build.0 = Debug|Any CPU
		{27228B9D-3EEE-40EE-9FC3-76ED18AE260B}.Debug|Win32.ActiveCfg = Debug|x86
		{27228B9D-3EEE-40EE-9FC3-76ED18AE260B}.Debug|Win32.Build.0 = Debug|x86
		{27228B9D-3EEE-40EE-9FC3-76ED18AE260B}.Debug|x64.ActiveCfg = Debug|x64
		{27228B9D-3EEE-40EE-9FC3-76ED18AE260B}.Debug|x64.Build.0 = Debug|x64
		{27228B9D-3EEE-40EE-9FC3-76ED18AE260B}.Debug|x86.ActiveCfg = Debug|x86
		{27228B9D-3EEE-40EE-9FC3-76ED18AE260B}.Debug|x86.Build.0 = Debug|x86
		{27228B9D-3EEE-40EE-9FC3-76ED18AE260B}.Release|Any CPU.ActiveCfg = Release|Any CPU
		{27228B9D-3EEE-40EE-9FC3-76ED18AE260B}.Release|Any CPU.Build.0 = Release|Any CPU
		{27228B9D-3EEE-40EE-9FC3-76ED18AE260B}.Release|ARM.ActiveCfg = Release|ARM
		{27228B9D-3EEE-40EE-9FC3-76ED18AE260B}.Release|ARM.Build.0 = Release|ARM
		{27228B9D-3EEE-40EE-9FC3-76ED18AE260B}.Release|Mixed Platforms.ActiveCfg = Release|ARM
		{27228B9D-3EEE-40EE-9FC3-76ED18AE260B}.Release|Mixed Platforms.Build.0 = Release|ARM
		{27228B9D-3EEE-40EE-9FC3-76ED18AE260B}.Release|Win32.ActiveCfg = Release|x86
		{27228B9D-3EEE-40EE-9FC3-76ED18AE260B}.Release|Win32.Build.0 = Release|x86
		{27228B9D-3EEE-40EE-9FC3-76ED18AE260B}.Release|x64.ActiveCfg = Release|x64
		{27228B9D-3EEE-40EE-9FC3-76ED18AE260B}.Release|x64.Build.0 = Release|x64
		{27228B9D-3EEE-40EE-9FC3-76ED18AE260B}.Release|x86.ActiveCfg = Release|x86
		{27228B9D-3EEE-40EE-9FC3-76ED18AE260B}.Release|x86.Build.0 = Release|x86
		{37F57F9E-390E-4127-AD5B-CDAB45DD3FC1}.Debug|Any CPU.ActiveCfg = Debug|Win32
		{37F57F9E-390E-4127-AD5B-CDAB45DD3FC1}.Debug|Any CPU.Build.0 = Debug|Win32
		{37F57F9E-390E-4127-AD5B-CDAB45DD3FC1}.Debug|ARM.ActiveCfg = Debug|ARM
		{37F57F9E-390E-4127-AD5B-CDAB45DD3FC1}.Debug|ARM.Build.0 = Debug|ARM
		{37F57F9E-390E-4127-AD5B-CDAB45DD3FC1}.Debug|Mixed Platforms.ActiveCfg = Debug|Win32
		{37F57F9E-390E-4127-AD5B-CDAB45DD3FC1}.Debug|Mixed Platforms.Build.0 = Debug|Win32
		{37F57F9E-390E-4127-AD5B-CDAB45DD3FC1}.Debug|Win32.ActiveCfg = Debug|Win32
		{37F57F9E-390E-4127-AD5B-CDAB45DD3FC1}.Debug|Win32.Build.0 = Debug|Win32
		{37F57F9E-390E-4127-AD5B-CDAB45DD3FC1}.Debug|x64.ActiveCfg = Debug|x64
		{37F57F9E-390E-4127-AD5B-CDAB45DD3FC1}.Debug|x64.Build.0 = Debug|x64
		{37F57F9E-390E-4127-AD5B-CDAB45DD3FC1}.Debug|x86.ActiveCfg = Debug|Win32
		{37F57F9E-390E-4127-AD5B-CDAB45DD3FC1}.Debug|x86.Build.0 = Debug|Win32
		{37F57F9E-390E-4127-AD5B-CDAB45DD3FC1}.Release|Any CPU.ActiveCfg = Release|Win32
		{37F57F9E-390E-4127-AD5B-CDAB45DD3FC1}.Release|Any CPU.Build.0 = Release|Win32
		{37F57F9E-390E-4127-AD5B-CDAB45DD3FC1}.Release|ARM.ActiveCfg = Release|ARM
		{37F57F9E-390E-4127-AD5B-CDAB45DD3FC1}.Release|ARM.Build.0 = Release|ARM
		{37F57F9E-390E-4127-AD5B-CDAB45DD3FC1}.Release|Mixed Platforms.ActiveCfg = Release|ARM
		{37F57F9E-390E-4127-AD5B-CDAB45DD3FC1}.Release|Mixed Platforms.Build.0 = Release|ARM
		{37F57F9E-390E-4127-AD5B-CDAB45DD3FC1}.Release|Win32.ActiveCfg = Release|Win32
		{37F57F9E-390E-4127-AD5B-CDAB45DD3FC1}.Release|Win32.Build.0 = Release|Win32
		{37F57F9E-390E-4127-AD5B-CDAB45DD3FC1}.Release|x64.ActiveCfg = Release|x64
		{37F57F9E-390E-4127-AD5B-CDAB45DD3FC1}.Release|x64.Build.0 = Release|x64
		{37F57F9E-390E-4127-AD5B-CDAB45DD3FC1}.Release|x86.ActiveCfg = Release|Win32
		{37F57F9E-390E-4127-AD5B-CDAB45DD3FC1}.Release|x86.Build.0 = Release|Win32
		{9A942AF0-A50A-4E19-AE54-E69E9C0339C2}.Debug|Any CPU.ActiveCfg = Debug|Any CPU
		{9A942AF0-A50A-4E19-AE54-E69E9C0339C2}.Debug|Any CPU.Build.0 = Debug|Any CPU
		{9A942AF0-A50A-4E19-AE54-E69E9C0339C2}.Debug|ARM.ActiveCfg = Debug|ARM
		{9A942AF0-A50A-4E19-AE54-E69E9C0339C2}.Debug|ARM.Build.0 = Debug|ARM
		{9A942AF0-A50A-4E19-AE54-E69E9C0339C2}.Debug|Mixed Platforms.ActiveCfg = Debug|Any CPU
		{9A942AF0-A50A-4E19-AE54-E69E9C0339C2}.Debug|Mixed Platforms.Build.0 = Debug|Any CPU
		{9A942AF0-A50A-4E19-AE54-E69E9C0339C2}.Debug|Win32.ActiveCfg = Debug|x86
		{9A942AF0-A50A-4E19-AE54-E69E9C0339C2}.Debug|Win32.Build.0 = Debug|x86
		{9A942AF0-A50A-4E19-AE54-E69E9C0339C2}.Debug|x64.ActiveCfg = Debug|x64
		{9A942AF0-A50A-4E19-AE54-E69E9C0339C2}.Debug|x64.Build.0 = Debug|x64
		{9A942AF0-A50A-4E19-AE54-E69E9C0339C2}.Debug|x86.ActiveCfg = Debug|x86
		{9A942AF0-A50A-4E19-AE54-E69E9C0339C2}.Debug|x86.Build.0 = Debug|x86
		{9A942AF0-A50A-4E19-AE54-E69E9C0339C2}.Release|Any CPU.ActiveCfg = Release|Any CPU
		{9A942AF0-A50A-4E19-AE54-E69E9C0339C2}.Release|Any CPU.Build.0 = Release|Any CPU
		{9A942AF0-A50A-4E19-AE54-E69E9C0339C2}.Release|ARM.ActiveCfg = Release|ARM
		{9A942AF0-A50A-4E19-AE54-E69E9C0339C2}.Release|ARM.Build.0 = Release|ARM
		{9A942AF0-A50A-4E19-AE54-E69E9C0339C2}.Release|Mixed Platforms.ActiveCfg = Release|x86
		{9A942AF0-A50A-4E19-AE54-E69E9C0339C2}.Release|Mixed Platforms.Build.0 = Release|x86
		{9A942AF0-A50A-4E19-AE54-E69E9C0339C2}.Release|Win32.ActiveCfg = Release|x86
		{9A942AF0-A50A-4E19-AE54-E69E9C0339C2}.Release|Win32.Build.0 = Release|x86
		{9A942AF0-A50A-4E19-AE54-E69E9C0339C2}.Release|x64.ActiveCfg = Release|x64
		{9A942AF0-A50A-4E19-AE54-E69E9C0339C2}.Release|x64.Build.0 = Release|x64
		{9A942AF0-A50A-4E19-AE54-E69E9C0339C2}.Release|x86.ActiveCfg = Release|x86
		{9A942AF0-A50A-4E19-AE54-E69E9C0339C2}.Release|x86.Build.0 = Release|x86
		{42E8BE6B-9A3C-4236-A0C7-8A8DBD757021}.Debug|Any CPU.ActiveCfg = Debug|x86
		{42E8BE6B-9A3C-4236-A0C7-8A8DBD757021}.Debug|Any CPU.Build.0 = Debug|x86
		{42E8BE6B-9A3C-4236-A0C7-8A8DBD757021}.Debug|ARM.ActiveCfg = Debug|ARM
		{42E8BE6B-9A3C-4236-A0C7-8A8DBD757021}.Debug|ARM.Build.0 = Debug|ARM
		{42E8BE6B-9A3C-4236-A0C7-8A8DBD757021}.Debug|Mixed Platforms.ActiveCfg = Debug|Any CPU
		{42E8BE6B-9A3C-4236-A0C7-8A8DBD757021}.Debug|Mixed Platforms.Build.0 = Debug|Any CPU
		{42E8BE6B-9A3C-4236-A0C7-8A8DBD757021}.Debug|Win32.ActiveCfg = Debug|x86
		{42E8BE6B-9A3C-4236-A0C7-8A8DBD757021}.Debug|Win32.Build.0 = Debug|x86
		{42E8BE6B-9A3C-4236-A0C7-8A8DBD757021}.Debug|x64.ActiveCfg = Debug|x64
		{42E8BE6B-9A3C-4236-A0C7-8A8DBD757021}.Debug|x64.Build.0 = Debug|x64
		{42E8BE6B-9A3C-4236-A0C7-8A8DBD757021}.Debug|x86.ActiveCfg = Debug|x86
		{42E8BE6B-9A3C-4236-A0C7-8A8DBD757021}.Debug|x86.Build.0 = Debug|x86
		{42E8BE6B-9A3C-4236-A0C7-8A8DBD757021}.Release|Any CPU.ActiveCfg = Release|Any CPU
		{42E8BE6B-9A3C-4236-A0C7-8A8DBD757021}.Release|Any CPU.Build.0 = Release|Any CPU
		{42E8BE6B-9A3C-4236-A0C7-8A8DBD757021}.Release|ARM.ActiveCfg = Release|ARM
		{42E8BE6B-9A3C-4236-A0C7-8A8DBD757021}.Release|ARM.Build.0 = Release|ARM
		{42E8BE6B-9A3C-4236-A0C7-8A8DBD757021}.Release|Mixed Platforms.ActiveCfg = Release|x86
		{42E8BE6B-9A3C-4236-A0C7-8A8DBD757021}.Release|Mixed Platforms.Build.0 = Release|x86
		{42E8BE6B-9A3C-4236-A0C7-8A8DBD757021}.Release|Win32.ActiveCfg = Release|x86
		{42E8BE6B-9A3C-4236-A0C7-8A8DBD757021}.Release|Win32.Build.0 = Release|x86
		{42E8BE6B-9A3C-4236-A0C7-8A8DBD757021}.Release|x64.ActiveCfg = Release|x64
		{42E8BE6B-9A3C-4236-A0C7-8A8DBD757021}.Release|x64.Build.0 = Release|x64
		{42E8BE6B-9A3C-4236-A0C7-8A8DBD757021}.Release|x86.ActiveCfg = Release|x86
		{42E8BE6B-9A3C-4236-A0C7-8A8DBD757021}.Release|x86.Build.0 = Release|x86
		{6E87464B-B064-40CA-8161-7C18C337ADFF}.Debug|Any CPU.ActiveCfg = Debug|Any CPU
		{6E87464B-B064-40CA-8161-7C18C337ADFF}.Debug|Any CPU.Build.0 = Debug|Any CPU
		{6E87464B-B064-40CA-8161-7C18C337ADFF}.Debug|ARM.ActiveCfg = Debug|ARM
		{6E87464B-B064-40CA-8161-7C18C337ADFF}.Debug|ARM.Build.0 = Debug|ARM
		{6E87464B-B064-40CA-8161-7C18C337ADFF}.Debug|Mixed Platforms.ActiveCfg = Debug|Any CPU
		{6E87464B-B064-40CA-8161-7C18C337ADFF}.Debug|Mixed Platforms.Build.0 = Debug|Any CPU
		{6E87464B-B064-40CA-8161-7C18C337ADFF}.Debug|Win32.ActiveCfg = Debug|Win32
		{6E87464B-B064-40CA-8161-7C18C337ADFF}.Debug|Win32.Build.0 = Debug|Win32
		{6E87464B-B064-40CA-8161-7C18C337ADFF}.Debug|x64.ActiveCfg = Debug|x64
		{6E87464B-B064-40CA-8161-7C18C337ADFF}.Debug|x64.Build.0 = Debug|x64
		{6E87464B-B064-40CA-8161-7C18C337ADFF}.Debug|x86.ActiveCfg = Debug|x86
		{6E87464B-B064-40CA-8161-7C18C337ADFF}.Debug|x86.Build.0 = Debug|x86
		{6E87464B-B064-40CA-8161-7C18C337ADFF}.Release|Any CPU.ActiveCfg = Release|Any CPU
		{6E87464B-B064-40CA-8161-7C18C337ADFF}.Release|Any CPU.Build.0 = Release|Any CPU
		{6E87464B-B064-40CA-8161-7C18C337ADFF}.Release|ARM.ActiveCfg = Release|ARM
		{6E87464B-B064-40CA-8161-7C18C337ADFF}.Release|ARM.Build.0 = Release|ARM
		{6E87464B-B064-40CA-8161-7C18C337ADFF}.Release|Mixed Platforms.ActiveCfg = Release|x86
		{6E87464B-B064-40CA-8161-7C18C337ADFF}.Release|Mixed Platforms.Build.0 = Release|x86
		{6E87464B-B064-40CA-8161-7C18C337ADFF}.Release|Win32.ActiveCfg = Release|Win32
		{6E87464B-B064-40CA-8161-7C18C337ADFF}.Release|Win32.Build.0 = Release|Win32
		{6E87464B-B064-40CA-8161-7C18C337ADFF}.Release|x64.ActiveCfg = Release|x64
		{6E87464B-B064-40CA-8161-7C18C337ADFF}.Release|x64.Build.0 = Release|x64
		{6E87464B-B064-40CA-8161-7C18C337ADFF}.Release|x86.ActiveCfg = Release|x86
		{6E87464B-B064-40CA-8161-7C18C337ADFF}.Release|x86.Build.0 = Release|x86
		{87358BD0-FD4E-42DC-B6B8-2A73C262F72E}.Debug|Any CPU.ActiveCfg = Debug|Any CPU
		{87358BD0-FD4E-42DC-B6B8-2A73C262F72E}.Debug|Any CPU.Build.0 = Debug|Any CPU
		{87358BD0-FD4E-42DC-B6B8-2A73C262F72E}.Debug|ARM.ActiveCfg = Debug|ARM
		{87358BD0-FD4E-42DC-B6B8-2A73C262F72E}.Debug|ARM.Build.0 = Debug|ARM
		{87358BD0-FD4E-42DC-B6B8-2A73C262F72E}.Debug|Mixed Platforms.ActiveCfg = Debug|Any CPU
		{87358BD0-FD4E-42DC-B6B8-2A73C262F72E}.Debug|Mixed Platforms.Build.0 = Debug|Any CPU
		{87358BD0-FD4E-42DC-B6B8-2A73C262F72E}.Debug|Win32.ActiveCfg = Debug|x86
		{87358BD0-FD4E-42DC-B6B8-2A73C262F72E}.Debug|Win32.Build.0 = Debug|x86
		{87358BD0-FD4E-42DC-B6B8-2A73C262F72E}.Debug|x64.ActiveCfg = Debug|x64
		{87358BD0-FD4E-42DC-B6B8-2A73C262F72E}.Debug|x64.Build.0 = Debug|x64
		{87358BD0-FD4E-42DC-B6B8-2A73C262F72E}.Debug|x86.ActiveCfg = Debug|x86
		{87358BD0-FD4E-42DC-B6B8-2A73C262F72E}.Debug|x86.Build.0 = Debug|x86
		{87358BD0-FD4E-42DC-B6B8-2A73C262F72E}.Release|Any CPU.ActiveCfg = Release|Any CPU
		{87358BD0-FD4E-42DC-B6B8-2A73C262F72E}.Release|Any CPU.Build.0 = Release|Any CPU
		{87358BD0-FD4E-42DC-B6B8-2A73C262F72E}.Release|ARM.ActiveCfg = Release|ARM
		{87358BD0-FD4E-42DC-B6B8-2A73C262F72E}.Release|ARM.Build.0 = Release|ARM
		{87358BD0-FD4E-42DC-B6B8-2A73C262F72E}.Release|Mixed Platforms.ActiveCfg = Release|x86
		{87358BD0-FD4E-42DC-B6B8-2A73C262F72E}.Release|Mixed Platforms.Build.0 = Release|x86
		{87358BD0-FD4E-42DC-B6B8-2A73C262F72E}.Release|Win32.ActiveCfg = Release|x86
		{87358BD0-FD4E-42DC-B6B8-2A73C262F72E}.Release|Win32.Build.0 = Release|x86
		{87358BD0-FD4E-42DC-B6B8-2A73C262F72E}.Release|x64.ActiveCfg = Release|x64
		{87358BD0-FD4E-42DC-B6B8-2A73C262F72E}.Release|x64.Build.0 = Release|x64
		{87358BD0-FD4E-42DC-B6B8-2A73C262F72E}.Release|x86.ActiveCfg = Release|x86
		{87358BD0-FD4E-42DC-B6B8-2A73C262F72E}.Release|x86.Build.0 = Release|x86
	EndGlobalSection
	GlobalSection(SolutionProperties) = preSolution
		HideSolutionNode = FALSE
	EndGlobalSection
EndGlobal
